
Microsoft Visual Studio Solution File, Format Version 12.00
# Visual Studio Version 17
VisualStudioVersion = 17.2.32616.157
MinimumVisualStudioVersion = 10.0.40219.1
Project("{FAE04EC0-301F-11D3-BF4B-00C04F79EFBC}") = "Kite.Simple.Account", "Kite.Simple.Account\Kite.Simple.Account.csproj", "{C8CABF49-AC3C-4409-9052-DCD4DB05D95B}"
EndProject
Project("{FAE04EC0-301F-11D3-BF4B-00C04F79EFBC}") = "Kite.Simple.Order", "Kite.Simple.Order\Kite.Simple.Order.csproj", "{5B542B99-706E-4233-8DC8-FC6323DCFDCC}"
EndProject
Global
	GlobalSection(SolutionConfigurationPlatforms) = preSolution
		Debug|Any CPU = Debug|Any CPU
		Release|Any CPU = Release|Any CPU
	EndGlobalSection
	GlobalSection(ProjectConfigurationPlatforms) = postSolution
		{C8CABF49-AC3C-4409-9052-DCD4DB05D95B}.Debug|Any CPU.ActiveCfg = Debug|Any CPU
		{C8CABF49-AC3C-4409-9052-DCD4DB05D95B}.Debug|Any CPU.Build.0 = Debug|Any CPU
		{C8CABF49-AC3C-4409-9052-DCD4DB05D95B}.Release|Any CPU.ActiveCfg = Release|Any CPU
		{C8CABF49-AC3C-4409-9052-DCD4DB05D95B}.Release|Any CPU.Build.0 = Release|Any CPU
		{5B542B99-706E-4233-8DC8-FC6323DCFDCC}.Debug|Any CPU.ActiveCfg = Debug|Any CPU
		{5B542B99-706E-4233-8DC8-FC6323DCFDCC}.Debug|Any CPU.Build.0 = Debug|Any CPU
		{5B542B99-706E-4233-8DC8-FC6323DCFDCC}.Release|Any CPU.ActiveCfg = Release|Any CPU
		{5B542B99-706E-4233-8DC8-FC6323DCFDCC}.Release|Any CPU.Build.0 = Release|Any CPU
	EndGlobalSection
	GlobalSection(SolutionProperties) = preSolution
		HideSolutionNode = FALSE
	EndGlobalSection
	GlobalSection(ExtensibilityGlobals) = postSolution
		SolutionGuid = {A0942BEF-2D59-4E9C-AC1A-95B5603A89D3}
	EndGlobalSection
EndGlobal
