
Microsoft Visual Studio Solution File, Format Version 12.00
# Visual Studio Version 17
VisualStudioVersion = 17.1.32328.378
MinimumVisualStudioVersion = 10.0.40219.1
Project("{9A19103F-16F7-4668-BE54-9A1E7A4F7556}") = "Kite.Gateway.EntityFrameworkCore", "src\Kite.Gateway.EntityFrameworkCore\Kite.Gateway.EntityFrameworkCore.csproj", "{22772D7B-C655-491D-8CED-3DD6961D59F8}"
EndProject
Project("{9A19103F-16F7-4668-BE54-9A1E7A4F7556}") = "Kite.Gateway.Application", "src\Kite.Gateway.Application\Kite.Gateway.Application.csproj", "{FCECED16-7C02-47CC-A325-5D710C9C57D7}"
EndProject
Project("{9A19103F-16F7-4668-BE54-9A1E7A4F7556}") = "Kite.Gateway.Domain", "src\Kite.Gateway.Domain\Kite.Gateway.Domain.csproj", "{28CE009E-4E3D-4F06-9811-9A083637A5DC}"
EndProject
Project("{9A19103F-16F7-4668-BE54-9A1E7A4F7556}") = "Kite.Gateway.Domain.Shared", "src\Kite.Gateway.Domain.Shared\Kite.Gateway.Domain.Shared.csproj", "{C8BF159F-19BC-4E05-BA6C-BD3BB1D4A397}"
EndProject
Project("{9A19103F-16F7-4668-BE54-9A1E7A4F7556}") = "Kite.Gateway.Application.Contracts", "src\Kite.Gateway.Application.Contracts\Kite.Gateway.Application.Contracts.csproj", "{3AD0C5A2-0357-4F89-8B67-52F25EC0F343}"
EndProject
Project("{9A19103F-16F7-4668-BE54-9A1E7A4F7556}") = "Kite.Gateway.Web", "src\Kite.Gateway.Web\Kite.Gateway.Web.csproj", "{F13D2D6A-6E01-4E8E-BD54-B1E33CEDE878}"
EndProject
Project("{FAE04EC0-301F-11D3-BF4B-00C04F79EFBC}") = "Kite.Gateway.Migrations", "src\Kite.Gateway.Migrations\Kite.Gateway.Migrations.csproj", "{8B8DF03E-E8FB-4CBC-820D-90843C68DE44}"
EndProject
Global
	GlobalSection(SolutionConfigurationPlatforms) = preSolution
		Debug|Any CPU = Debug|Any CPU
		Release|Any CPU = Release|Any CPU
	EndGlobalSection
	GlobalSection(ProjectConfigurationPlatforms) = postSolution
		{22772D7B-C655-491D-8CED-3DD6961D59F8}.Debug|Any CPU.ActiveCfg = Debug|Any CPU
		{22772D7B-C655-491D-8CED-3DD6961D59F8}.Debug|Any CPU.Build.0 = Debug|Any CPU
		{22772D7B-C655-491D-8CED-3DD6961D59F8}.Release|Any CPU.ActiveCfg = Release|Any CPU
		{22772D7B-C655-491D-8CED-3DD6961D59F8}.Release|Any CPU.Build.0 = Release|Any CPU
		{FCECED16-7C02-47CC-A325-5D710C9C57D7}.Debug|Any CPU.ActiveCfg = Debug|Any CPU
		{FCECED16-7C02-47CC-A325-5D710C9C57D7}.Debug|Any CPU.Build.0 = Debug|Any CPU
		{FCECED16-7C02-47CC-A325-5D710C9C57D7}.Release|Any CPU.ActiveCfg = Release|Any CPU
		{FCECED16-7C02-47CC-A325-5D710C9C57D7}.Release|Any CPU.Build.0 = Release|Any CPU
		{28CE009E-4E3D-4F06-9811-9A083637A5DC}.Debug|Any CPU.ActiveCfg = Debug|Any CPU
		{28CE009E-4E3D-4F06-9811-9A083637A5DC}.Debug|Any CPU.Build.0 = Debug|Any CPU
		{28CE009E-4E3D-4F06-9811-9A083637A5DC}.Release|Any CPU.ActiveCfg = Release|Any CPU
		{28CE009E-4E3D-4F06-9811-9A083637A5DC}.Release|Any CPU.Build.0 = Release|Any CPU
		{C8BF159F-19BC-4E05-BA6C-BD3BB1D4A397}.Debug|Any CPU.ActiveCfg = Debug|Any CPU
		{C8BF159F-19BC-4E05-BA6C-BD3BB1D4A397}.Debug|Any CPU.Build.0 = Debug|Any CPU
		{C8BF159F-19BC-4E05-BA6C-BD3BB1D4A397}.Release|Any CPU.ActiveCfg = Release|Any CPU
		{C8BF159F-19BC-4E05-BA6C-BD3BB1D4A397}.Release|Any CPU.Build.0 = Release|Any CPU
		{3AD0C5A2-0357-4F89-8B67-52F25EC0F343}.Debug|Any CPU.ActiveCfg = Debug|Any CPU
		{3AD0C5A2-0357-4F89-8B67-52F25EC0F343}.Debug|Any CPU.Build.0 = Debug|Any CPU
		{3AD0C5A2-0357-4F89-8B67-52F25EC0F343}.Release|Any CPU.ActiveCfg = Release|Any CPU
		{3AD0C5A2-0357-4F89-8B67-52F25EC0F343}.Release|Any CPU.Build.0 = Release|Any CPU
		{F13D2D6A-6E01-4E8E-BD54-B1E33CEDE878}.Debug|Any CPU.ActiveCfg = Debug|Any CPU
		{F13D2D6A-6E01-4E8E-BD54-B1E33CEDE878}.Debug|Any CPU.Build.0 = Debug|Any CPU
		{F13D2D6A-6E01-4E8E-BD54-B1E33CEDE878}.Release|Any CPU.ActiveCfg = Release|Any CPU
		{F13D2D6A-6E01-4E8E-BD54-B1E33CEDE878}.Release|Any CPU.Build.0 = Release|Any CPU
		{8B8DF03E-E8FB-4CBC-820D-90843C68DE44}.Debug|Any CPU.ActiveCfg = Debug|Any CPU
		{8B8DF03E-E8FB-4CBC-820D-90843C68DE44}.Debug|Any CPU.Build.0 = Debug|Any CPU
		{8B8DF03E-E8FB-4CBC-820D-90843C68DE44}.Release|Any CPU.ActiveCfg = Release|Any CPU
		{8B8DF03E-E8FB-4CBC-820D-90843C68DE44}.Release|Any CPU.Build.0 = Release|Any CPU
	EndGlobalSection
	GlobalSection(SolutionProperties) = preSolution
		HideSolutionNode = FALSE
	EndGlobalSection
	GlobalSection(ExtensibilityGlobals) = postSolution
		SolutionGuid = {43E3871F-1034-4291-B5C2-FA50167CC09D}
	EndGlobalSection
EndGlobal
